
Microsoft Visual Studio Solution File, Format Version 12.00
# Visual Studio Version 17
VisualStudioVersion = 17.12.35527.113
MinimumVisualStudioVersion = 10.0.40219.1
Project("{FAE04EC0-301F-11D3-BF4B-00C04F79EFBC}") = "prueba", "GestionProyectos\prueba.csproj", "{4EEB617F-C2A1-42A5-B13D-C7CC63B4C659}"
EndProject
Project("{FAE04EC0-301F-11D3-BF4B-00C04F79EFBC}") = "PruebaXunit", "PruebaXunit\PruebaXunit.csproj", "{88EC73CE-97BB-4053-B6FC-0C780C521E55}"
EndProject
Global
	GlobalSection(SolutionConfigurationPlatforms) = preSolution
		Debug|Any CPU = Debug|Any CPU
		Release|Any CPU = Release|Any CPU
	EndGlobalSection
	GlobalSection(ProjectConfigurationPlatforms) = postSolution
		{4EEB617F-C2A1-42A5-B13D-C7CC63B4C659}.Debug|Any CPU.ActiveCfg = Debug|Any CPU
		{4EEB617F-C2A1-42A5-B13D-C7CC63B4C659}.Debug|Any CPU.Build.0 = Debug|Any CPU
		{4EEB617F-C2A1-42A5-B13D-C7CC63B4C659}.Release|Any CPU.ActiveCfg = Release|Any CPU
		{4EEB617F-C2A1-42A5-B13D-C7CC63B4C659}.Release|Any CPU.Build.0 = Release|Any CPU
		{88EC73CE-97BB-4053-B6FC-0C780C521E55}.Debug|Any CPU.ActiveCfg = Debug|Any CPU
		{88EC73CE-97BB-4053-B6FC-0C780C521E55}.Debug|Any CPU.Build.0 = Debug|Any CPU
		{88EC73CE-97BB-4053-B6FC-0C780C521E55}.Release|Any CPU.ActiveCfg = Release|Any CPU
		{88EC73CE-97BB-4053-B6FC-0C780C521E55}.Release|Any CPU.Build.0 = Release|Any CPU
	EndGlobalSection
	GlobalSection(SolutionProperties) = preSolution
		HideSolutionNode = FALSE
	EndGlobalSection
EndGlobal
